
Microsoft Visual Studio Solution File, Format Version 12.00
# Visual Studio 14
VisualStudioVersion = 14.0.25420.1
MinimumVisualStudioVersion = 10.0.40219.1
Project("{FAE04EC0-301F-11D3-BF4B-00C04F79EFBC}") = "lv317", "lv317\lv317.csproj", "{0EA2B5DE-CC13-4FE5-B1D8-34221D66DCB6}"
EndProject
Project("{2150E333-8FDC-42A3-9474-1A3956D46DE8}") = "Solution Items", "Solution Items", "{FAD33A0A-D2EA-4BC0-9D6D-C3992DC1A78D}"
	ProjectSection(SolutionItems) = preProject
		package-lock.json = package-lock.json
		package.json = package.json
		startServer.bat = startServer.bat
	EndProjectSection
EndProject
Global
	GlobalSection(SolutionConfigurationPlatforms) = preSolution
		Debug|Any CPU = Debug|Any CPU
		Release|Any CPU = Release|Any CPU
	EndGlobalSection
	GlobalSection(ProjectConfigurationPlatforms) = postSolution
		{0EA2B5DE-CC13-4FE5-B1D8-34221D66DCB6}.Debug|Any CPU.ActiveCfg = Debug|Any CPU
		{0EA2B5DE-CC13-4FE5-B1D8-34221D66DCB6}.Debug|Any CPU.Build.0 = Debug|Any CPU
		{0EA2B5DE-CC13-4FE5-B1D8-34221D66DCB6}.Release|Any CPU.ActiveCfg = Release|Any CPU
		{0EA2B5DE-CC13-4FE5-B1D8-34221D66DCB6}.Release|Any CPU.Build.0 = Release|Any CPU
	EndGlobalSection
	GlobalSection(SolutionProperties) = preSolution
		HideSolutionNode = FALSE
	EndGlobalSection
EndGlobal
